uuid: 27f6cea6-cb7e-4d95-91c6-23151039f159
langcode: en
status: true
dependencies:
  config:
    - field.storage.paragraph.field_block
    - paragraphs.paragraphs_type.block
  module:
    - block_field
id: paragraph.block.field_block
field_name: field_block
entity_type: paragraph
bundle: block
label: Block
description: ''
required: true
translatable: false
default_value: {  }
default_value_callback: ''
settings:
  plugin_ids:
    'block_content:44bd88c0-b3b3-4e1b-9be3-46f8396eaeae': 'block_content:44bd88c0-b3b3-4e1b-9be3-46f8396eaeae'
    social_media_links_block: social_media_links_block
field_type: block_field
